
Microsoft Visual Studio Solution File, Format Version 12.00
Project("{2150E333-8FDC-42A3-9474-1A3956D46DE8}") = "Application", "Application", "{D188A318-EA2A-4E0F-B105-7F8A6D065DAC}"
EndProject
Project("{2150E333-8FDC-42A3-9474-1A3956D46DE8}") = "Data", "Data", "{FF664011-D5AF-4420-BAF6-8E8CD5AAD989}"
EndProject
Project("{2150E333-8FDC-42A3-9474-1A3956D46DE8}") = "Domain", "Domain", "{2074E379-2218-4596-B157-51A75D3C3BF4}"
EndProject
Project("{2150E333-8FDC-42A3-9474-1A3956D46DE8}") = "IOC", "IOC", "{ABFA6345-5876-4CDC-8A7F-A7CB72E88CE0}"
EndProject
Project("{2150E333-8FDC-42A3-9474-1A3956D46DE8}") = "Presentation", "Presentation", "{240B305B-F4ED-493A-90BA-E89C17884919}"
EndProject
Project("{2150E333-8FDC-42A3-9474-1A3956D46DE8}") = "Test", "Test", "{9AF592EA-B6C3-4CE3-BBF4-5A2EA8B7BA4F}"
EndProject
Project("{FAE04EC0-301F-11D3-BF4B-00C04F79EFBC}") = "MyShop.Application", "MyShop.Application\MyShop.Application.csproj", "{597D2516-600B-4C02-82D8-BEBD26756ACA}"
EndProject
Project("{FAE04EC0-301F-11D3-BF4B-00C04F79EFBC}") = "MyShop.Data", "MyShop.Data\MyShop.Data.csproj", "{5E60D7B3-C297-49CA-A710-802C07FD89E6}"
EndProject
Project("{FAE04EC0-301F-11D3-BF4B-00C04F79EFBC}") = "MyShop.Domain", "MyShop.Domain\MyShop.Domain.csproj", "{133C297E-0137-4552-911A-62A2565C22E3}"
EndProject
Project("{FAE04EC0-301F-11D3-BF4B-00C04F79EFBC}") = "MyShop.IOC", "MyShop.IOC\MyShop.IOC.csproj", "{7E4807D6-E950-4E12-8FE2-471D8658D3E6}"
EndProject
Project("{FAE04EC0-301F-11D3-BF4B-00C04F79EFBC}") = "MyShop.Web", "MyShop.Web\MyShop.Web.csproj", "{A4CCF5C7-8134-43B0-8A2A-A509D05FB1BF}"
EndProject
Project("{2150E333-8FDC-42A3-9474-1A3956D46DE8}") = "Solution Items", "Solution Items", "{4AB33099-0476-4993-B631-6B40D86FC759}"
	ProjectSection(SolutionItems) = preProject
		compose.yaml = compose.yaml
	EndProjectSection
EndProject
Project("{FAE04EC0-301F-11D3-BF4B-00C04F79EFBC}") = "MyShop.Test", "MyShop.Test\MyShop.Test.csproj", "{190FECA5-BF56-4BDB-A002-DA0944C0D7B7}"
EndProject
Global
	GlobalSection(SolutionConfigurationPlatforms) = preSolution
		Debug|Any CPU = Debug|Any CPU
		Release|Any CPU = Release|Any CPU
	EndGlobalSection
	GlobalSection(NestedProjects) = preSolution
		{597D2516-600B-4C02-82D8-BEBD26756ACA} = {D188A318-EA2A-4E0F-B105-7F8A6D065DAC}
		{5E60D7B3-C297-49CA-A710-802C07FD89E6} = {FF664011-D5AF-4420-BAF6-8E8CD5AAD989}
		{133C297E-0137-4552-911A-62A2565C22E3} = {2074E379-2218-4596-B157-51A75D3C3BF4}
		{7E4807D6-E950-4E12-8FE2-471D8658D3E6} = {ABFA6345-5876-4CDC-8A7F-A7CB72E88CE0}
		{A4CCF5C7-8134-43B0-8A2A-A509D05FB1BF} = {240B305B-F4ED-493A-90BA-E89C17884919}
		{190FECA5-BF56-4BDB-A002-DA0944C0D7B7} = {9AF592EA-B6C3-4CE3-BBF4-5A2EA8B7BA4F}
	EndGlobalSection
	GlobalSection(ProjectConfigurationPlatforms) = postSolution
		{597D2516-600B-4C02-82D8-BEBD26756ACA}.Debug|Any CPU.ActiveCfg = Debug|Any CPU
		{597D2516-600B-4C02-82D8-BEBD26756ACA}.Debug|Any CPU.Build.0 = Debug|Any CPU
		{597D2516-600B-4C02-82D8-BEBD26756ACA}.Release|Any CPU.ActiveCfg = Release|Any CPU
		{597D2516-600B-4C02-82D8-BEBD26756ACA}.Release|Any CPU.Build.0 = Release|Any CPU
		{5E60D7B3-C297-49CA-A710-802C07FD89E6}.Debug|Any CPU.ActiveCfg = Debug|Any CPU
		{5E60D7B3-C297-49CA-A710-802C07FD89E6}.Debug|Any CPU.Build.0 = Debug|Any CPU
		{5E60D7B3-C297-49CA-A710-802C07FD89E6}.Release|Any CPU.ActiveCfg = Release|Any CPU
		{5E60D7B3-C297-49CA-A710-802C07FD89E6}.Release|Any CPU.Build.0 = Release|Any CPU
		{133C297E-0137-4552-911A-62A2565C22E3}.Debug|Any CPU.ActiveCfg = Debug|Any CPU
		{133C297E-0137-4552-911A-62A2565C22E3}.Debug|Any CPU.Build.0 = Debug|Any CPU
		{133C297E-0137-4552-911A-62A2565C22E3}.Release|Any CPU.ActiveCfg = Release|Any CPU
		{133C297E-0137-4552-911A-62A2565C22E3}.Release|Any CPU.Build.0 = Release|Any CPU
		{7E4807D6-E950-4E12-8FE2-471D8658D3E6}.Debug|Any CPU.ActiveCfg = Debug|Any CPU
		{7E4807D6-E950-4E12-8FE2-471D8658D3E6}.Debug|Any CPU.Build.0 = Debug|Any CPU
		{7E4807D6-E950-4E12-8FE2-471D8658D3E6}.Release|Any CPU.ActiveCfg = Release|Any CPU
		{7E4807D6-E950-4E12-8FE2-471D8658D3E6}.Release|Any CPU.Build.0 = Release|Any CPU
		{A4CCF5C7-8134-43B0-8A2A-A509D05FB1BF}.Debug|Any CPU.ActiveCfg = Debug|Any CPU
		{A4CCF5C7-8134-43B0-8A2A-A509D05FB1BF}.Debug|Any CPU.Build.0 = Debug|Any CPU
		{A4CCF5C7-8134-43B0-8A2A-A509D05FB1BF}.Release|Any CPU.ActiveCfg = Release|Any CPU
		{A4CCF5C7-8134-43B0-8A2A-A509D05FB1BF}.Release|Any CPU.Build.0 = Release|Any CPU
		{190FECA5-BF56-4BDB-A002-DA0944C0D7B7}.Debug|Any CPU.ActiveCfg = Debug|Any CPU
		{190FECA5-BF56-4BDB-A002-DA0944C0D7B7}.Debug|Any CPU.Build.0 = Debug|Any CPU
		{190FECA5-BF56-4BDB-A002-DA0944C0D7B7}.Release|Any CPU.ActiveCfg = Release|Any CPU
		{190FECA5-BF56-4BDB-A002-DA0944C0D7B7}.Release|Any CPU.Build.0 = Release|Any CPU
	EndGlobalSection
EndGlobal
